<?xml version="1.0" encoding="utf-8"?>
<Project ToolsVersion="4.0" xmlns="http://schemas.microsoft.com/developer/msbuild/2003">
  <ItemGroup>
    <Filter Include="win32">
      <UniqueIdentifier>{84a8ebd7-7cf0-47f6-b75e-d441df67da40}</UniqueIdentifier>
    </Filter>
    <Filter Include="resource">
      <UniqueIdentifier>{715254bc-d70b-4ec5-bf29-467dd3ace079}</UniqueIdentifier>
    </Filter>
    <Filter Include="Classes">
      <UniqueIdentifier>{3daa18f7-bdfc-4086-81a4-765eae3a8c57}</UniqueIdentifier>
    </Filter>
    <Filter Include="Classes\GamerCamp">
      <UniqueIdentifier>{3a9b71be-7f95-44a7-b333-d26adba2fd4a}</UniqueIdentifier>
    </Filter>
    <Filter Include="Classes\GamerCamp\Collections">
      <UniqueIdentifier>{b88e8973-5ae0-4571-97b3-c81659062a32}</UniqueIdentifier>
    </Filter>
    <Filter Include="Classes\GamerCamp\Core">
      <UniqueIdentifier>{2d03f6ea-bd40-476c-97a7-ff121a97ffde}</UniqueIdentifier>
    </Filter>
    <Filter Include="Classes\GamerCamp\Debug">
      <UniqueIdentifier>{8e79b813-7b24-443b-ad1d-b6a87602af21}</UniqueIdentifier>
    </Filter>
    <Filter Include="Classes\GamerCamp\GameSpecific">
      <UniqueIdentifier>{be2c0d35-bf7c-4c29-a808-b24cde4ff0e4}</UniqueIdentifier>
    </Filter>
    <Filter Include="Classes\GamerCamp\GameSpecific\Invaders">
      <UniqueIdentifier>{9c87283a-e1ab-42aa-9cdf-acf1badf457f}</UniqueIdentifier>
    </Filter>
    <Filter Include="Classes\GamerCamp\GameSpecific\Items">
      <UniqueIdentifier>{e4f9cdda-ae86-470e-a282-dcad2c93d8a1}</UniqueIdentifier>
    </Filter>
    <Filter Include="Classes\GamerCamp\GameSpecific\Platforms">
      <UniqueIdentifier>{4efcc4f1-4f80-4ca2-93d6-ab0cffa52f0d}</UniqueIdentifier>
    </Filter>
    <Filter Include="Classes\GamerCamp\GameSpecific\Player">
      <UniqueIdentifier>{a0921712-0c59-41be-a65f-a9661d0719bc}</UniqueIdentifier>
    </Filter>
    <Filter Include="Classes\GamerCamp\GCCocosInterface">
      <UniqueIdentifier>{af578b2e-6ed3-4a37-b07a-30379ab38464}</UniqueIdentifier>
    </Filter>
    <Filter Include="Classes\GamerCamp\GCCocosInterface\LevelLoader">
      <UniqueIdentifier>{88ded7a9-1459-497a-b365-1aad727cd551}</UniqueIdentifier>
    </Filter>
    <Filter Include="Classes\GamerCamp\GCObject">
      <UniqueIdentifier>{05b391a0-18c8-4946-8cbd-1a24e857c3a1}</UniqueIdentifier>
    </Filter>
  </ItemGroup>
  <ItemGroup>
    <ClCompile Include="main.cpp">
      <Filter>win32</Filter>
    </ClCompile>
    <ClCompile Include="..\Classes\AppDelegate.cpp">
      <Filter>Classes</Filter>
    </ClCompile>
    <ClCompile Include="..\Classes\MenuScene.cpp">
      <Filter>Classes</Filter>
    </ClCompile>
    <ClCompile Include="..\Classes\GamerCamp\Debug\GLES-Render.cpp">
      <Filter>Classes\GamerCamp\Debug</Filter>
    </ClCompile>
    <ClCompile Include="..\Classes\GamerCamp\GameSpecific\GCGameLayerPlatformer.cpp">
      <Filter>Classes\GamerCamp\GameSpecific</Filter>
    </ClCompile>
    <ClCompile Include="..\Classes\GamerCamp\GameSpecific\Invaders\GCObjGroupInvader.cpp">
      <Filter>Classes\GamerCamp\GameSpecific\Invaders</Filter>
    </ClCompile>
    <ClCompile Include="..\Classes\GamerCamp\GameSpecific\Invaders\GCObjInvader.cpp">
      <Filter>Classes\GamerCamp\GameSpecific\Invaders</Filter>
    </ClCompile>
    <ClCompile Include="..\Classes\GamerCamp\GameSpecific\Items\GCObjGroupItem.cpp">
      <Filter>Classes\GamerCamp\GameSpecific\Items</Filter>
    </ClCompile>
    <ClCompile Include="..\Classes\GamerCamp\GameSpecific\Items\GCObjItem.cpp">
      <Filter>Classes\GamerCamp\GameSpecific\Items</Filter>
    </ClCompile>
    <ClCompile Include="..\Classes\GamerCamp\GameSpecific\Platforms\GCObjGroupPlatform.cpp">
      <Filter>Classes\GamerCamp\GameSpecific\Platforms</Filter>
    </ClCompile>
    <ClCompile Include="..\Classes\GamerCamp\GameSpecific\Platforms\GCObjPlatform.cpp">
      <Filter>Classes\GamerCamp\GameSpecific\Platforms</Filter>
    </ClCompile>
    <ClCompile Include="..\Classes\GamerCamp\GameSpecific\Player\GCObjGroupProjectilePlayer.cpp">
      <Filter>Classes\GamerCamp\GameSpecific\Player</Filter>
    </ClCompile>
    <ClCompile Include="..\Classes\GamerCamp\GameSpecific\Player\GCObjPlayer.cpp">
      <Filter>Classes\GamerCamp\GameSpecific\Player</Filter>
    </ClCompile>
    <ClCompile Include="..\Classes\GamerCamp\GameSpecific\Player\GCObjProjectilePlayer.cpp">
      <Filter>Classes\GamerCamp\GameSpecific\Player</Filter>
    </ClCompile>
    <ClCompile Include="..\Classes\GamerCamp\GCCocosInterface\LevelLoader\GCLevelLoader_Ogmo.cpp">
      <Filter>Classes\GamerCamp\GCCocosInterface\LevelLoader</Filter>
    </ClCompile>
    <ClCompile Include="..\Classes\GamerCamp\GCCocosInterface\GB2ShapeCache-x.cpp">
      <Filter>Classes\GamerCamp\GCCocosInterface</Filter>
    </ClCompile>
    <ClCompile Include="..\Classes\GamerCamp\GCCocosInterface\GCCallFuncStatic.cpp">
      <Filter>Classes\GamerCamp\GCCocosInterface</Filter>
    </ClCompile>
    <ClCompile Include="..\Classes\GamerCamp\GCCocosInterface\GCCocosHelpers.cpp">
      <Filter>Classes\GamerCamp\GCCocosInterface</Filter>
    </ClCompile>
    <ClCompile Include="..\Classes\GamerCamp\GCCocosInterface\GCFactory_ObjSpritePhysics.cpp">
      <Filter>Classes\GamerCamp\GCCocosInterface</Filter>
    </ClCompile>
    <ClCompile Include="..\Classes\GamerCamp\GCCocosInterface\GCObjSprite.cpp">
      <Filter>Classes\GamerCamp\GCCocosInterface</Filter>
    </ClCompile>
    <ClCompile Include="..\Classes\GamerCamp\GCCocosInterface\GCObjSpritePhysics.cpp">
      <Filter>Classes\GamerCamp\GCCocosInterface</Filter>
    </ClCompile>
    <ClCompile Include="..\Classes\GamerCamp\GCCocosInterface\GCObjTileLayer.cpp">
      <Filter>Classes\GamerCamp\GCCocosInterface</Filter>
    </ClCompile>
    <ClCompile Include="..\Classes\GamerCamp\GCCocosInterface\IGCGameLayer.cpp">
      <Filter>Classes\GamerCamp\GCCocosInterface</Filter>
    </ClCompile>
    <ClCompile Include="..\Classes\GamerCamp\GCObject\GCObject.cpp">
      <Filter>Classes\GamerCamp\GCObject</Filter>
    </ClCompile>
    <ClCompile Include="..\Classes\GamerCamp\GCObject\GCObjectGroup.cpp">
      <Filter>Classes\GamerCamp\GCObject</Filter>
    </ClCompile>
    <ClCompile Include="..\Classes\GamerCamp\GCObject\GCObjectManager.cpp">
      <Filter>Classes\GamerCamp\GCObject</Filter>
    </ClCompile>
    <ClCompile Include="..\Classes\GamerCamp\GCObject\GCObjGroupDefault.cpp">
      <Filter>Classes\GamerCamp\GCObject</Filter>
    </ClCompile>
  </ItemGroup>
  <ItemGroup>
    <ClInclude Include="main.h">
      <Filter>win32</Filter>
    </ClInclude>
    <ClInclude Include="..\Classes\AppDelegate.h">
      <Filter>Classes</Filter>
    </ClInclude>
    <ClInclude Include="..\Classes\AppMacros.h">
      <Filter>Classes</Filter>
    </ClInclude>
    <ClInclude Include="..\Classes\MenuScene.h">
      <Filter>Classes</Filter>
    </ClInclude>
    <ClInclude Include="..\Classes\GamerCamp\Collections\NoAllocList.h">
      <Filter>Classes\GamerCamp\Collections</Filter>
    </ClInclude>
    <ClInclude Include="..\Classes\GamerCamp\Core\GCTypes.h">
      <Filter>Classes\GamerCamp\Core</Filter>
    </ClInclude>
    <ClInclude Include="..\Classes\GamerCamp\Debug\GLES-Render.h">
      <Filter>Classes\GamerCamp\Debug</Filter>
    </ClInclude>
    <ClInclude Include="..\Classes\GamerCamp\GameSpecific\GCGameLayerPlatformer.h">
      <Filter>Classes\GamerCamp\GameSpecific</Filter>
    </ClInclude>
    <ClInclude Include="..\Classes\GamerCamp\GameSpecific\Invaders\GCObjGroupInvader.h">
      <Filter>Classes\GamerCamp\GameSpecific\Invaders</Filter>
    </ClInclude>
    <ClInclude Include="..\Classes\GamerCamp\GameSpecific\Invaders\GCObjInvader.h">
      <Filter>Classes\GamerCamp\GameSpecific\Invaders</Filter>
    </ClInclude>
    <ClInclude Include="..\Classes\GamerCamp\GameSpecific\Items\GCObjGroupItem.h">
      <Filter>Classes\GamerCamp\GameSpecific\Items</Filter>
    </ClInclude>
    <ClInclude Include="..\Classes\GamerCamp\GameSpecific\Items\GCObjItem.h">
      <Filter>Classes\GamerCamp\GameSpecific\Items</Filter>
    </ClInclude>
    <ClInclude Include="..\Classes\GamerCamp\GameSpecific\Platforms\GCObjGroupPlatform.h">
      <Filter>Classes\GamerCamp\GameSpecific\Platforms</Filter>
    </ClInclude>
    <ClInclude Include="..\Classes\GamerCamp\GameSpecific\Platforms\GCObjPlatform.h">
      <Filter>Classes\GamerCamp\GameSpecific\Platforms</Filter>
    </ClInclude>
    <ClInclude Include="..\Classes\GamerCamp\GameSpecific\Player\GCObjGroupProjectilePlayer.h">
      <Filter>Classes\GamerCamp\GameSpecific\Player</Filter>
    </ClInclude>
    <ClInclude Include="..\Classes\GamerCamp\GameSpecific\Player\GCObjPlayer.h">
      <Filter>Classes\GamerCamp\GameSpecific\Player</Filter>
    </ClInclude>
    <ClInclude Include="..\Classes\GamerCamp\GameSpecific\Player\GCObjProjectilePlayer.h">
      <Filter>Classes\GamerCamp\GameSpecific\Player</Filter>
    </ClInclude>
    <ClInclude Include="..\Classes\GamerCamp\GCCocosInterface\LevelLoader\GCLevelLoader_Ogmo.h">
      <Filter>Classes\GamerCamp\GCCocosInterface\LevelLoader</Filter>
    </ClInclude>
    <ClInclude Include="..\Classes\GamerCamp\GCCocosInterface\GB2ShapeCache-x.h">
      <Filter>Classes\GamerCamp\GCCocosInterface</Filter>
    </ClInclude>
    <ClInclude Include="..\Classes\GamerCamp\GCCocosInterface\GCCallFuncStatic.h">
      <Filter>Classes\GamerCamp\GCCocosInterface</Filter>
    </ClInclude>
    <ClInclude Include="..\Classes\GamerCamp\GCCocosInterface\GCCocosHelpers.h">
      <Filter>Classes\GamerCamp\GCCocosInterface</Filter>
    </ClInclude>
    <ClInclude Include="..\Classes\GamerCamp\GCCocosInterface\GCFactory_ObjSpritePhysics.h">
      <Filter>Classes\GamerCamp\GCCocosInterface</Filter>
    </ClInclude>
    <ClInclude Include="..\Classes\GamerCamp\GCCocosInterface\GCObjSprite.h">
      <Filter>Classes\GamerCamp\GCCocosInterface</Filter>
    </ClInclude>
    <ClInclude Include="..\Classes\GamerCamp\GCCocosInterface\GCObjSpritePhysics.h">
      <Filter>Classes\GamerCamp\GCCocosInterface</Filter>
    </ClInclude>
    <ClInclude Include="..\Classes\GamerCamp\GCCocosInterface\GCObjTileLayer.h">
      <Filter>Classes\GamerCamp\GCCocosInterface</Filter>
    </ClInclude>
    <ClInclude Include="..\Classes\GamerCamp\GCCocosInterface\IGCGameLayer.h">
      <Filter>Classes\GamerCamp\GCCocosInterface</Filter>
    </ClInclude>
    <ClInclude Include="..\Classes\GamerCamp\GCCocosInterface\SGCFactoryCreationParams.h">
      <Filter>Classes\GamerCamp\GCCocosInterface</Filter>
    </ClInclude>
    <ClInclude Include="..\Classes\GamerCamp\GCObject\GCObject.h">
      <Filter>Classes\GamerCamp\GCObject</Filter>
    </ClInclude>
    <ClInclude Include="..\Classes\GamerCamp\GCObject\GCObjectGroup.h">
      <Filter>Classes\GamerCamp\GCObject</Filter>
    </ClInclude>
    <ClInclude Include="..\Classes\GamerCamp\GCObject\GCObjectManager.h">
      <Filter>Classes\GamerCamp\GCObject</Filter>
    </ClInclude>
    <ClInclude Include="..\Classes\GamerCamp\GCObject\GCObjGroupDefault.h">
      <Filter>Classes\GamerCamp\GCObject</Filter>
    </ClInclude>
  </ItemGroup>
  <ItemGroup>
    <ResourceCompile Include="game.rc">
      <Filter>resource</Filter>
    </ResourceCompile>
  </ItemGroup>
</Project>